
Microsoft Visual Studio Solution File, Format Version 12.00
# Visual Studio 15
VisualStudioVersion = 15.0.26124.0
MinimumVisualStudioVersion = 15.0.26124.0
Project("{FAE04EC0-301F-11D3-BF4B-00C04F79EFBC}") = "Domain", "Domain\Domain.csproj", "{BB655C09-CBB2-4D91-AA3D-857575A15277}"
EndProject
Project("{FAE04EC0-301F-11D3-BF4B-00C04F79EFBC}") = "Application", "Application\Application.csproj", "{248CC03F-880D-4B4A-AD1C-578927B1E5FC}"
EndProject
Project("{FAE04EC0-301F-11D3-BF4B-00C04F79EFBC}") = "Persistence", "Persistence\Persistence.csproj", "{50E78BB7-ADFA-4945-B62C-DB462F009C00}"
EndProject
Project("{FAE04EC0-301F-11D3-BF4B-00C04F79EFBC}") = "API", "API\API.csproj", "{1AEA1C26-E562-472C-9719-61B959E75040}"
EndProject
Global
	GlobalSection(SolutionConfigurationPlatforms) = preSolution
		Debug|Any CPU = Debug|Any CPU
		Debug|x64 = Debug|x64
		Debug|x86 = Debug|x86
		Release|Any CPU = Release|Any CPU
		Release|x64 = Release|x64
		Release|x86 = Release|x86
	EndGlobalSection
	GlobalSection(SolutionProperties) = preSolution
		HideSolutionNode = FALSE
	EndGlobalSection
	GlobalSection(ProjectConfigurationPlatforms) = postSolution
		{BB655C09-CBB2-4D91-AA3D-857575A15277}.Debug|Any CPU.ActiveCfg = Debug|Any CPU
		{BB655C09-CBB2-4D91-AA3D-857575A15277}.Debug|Any CPU.Build.0 = Debug|Any CPU
		{BB655C09-CBB2-4D91-AA3D-857575A15277}.Debug|x64.ActiveCfg = Debug|Any CPU
		{BB655C09-CBB2-4D91-AA3D-857575A15277}.Debug|x64.Build.0 = Debug|Any CPU
		{BB655C09-CBB2-4D91-AA3D-857575A15277}.Debug|x86.ActiveCfg = Debug|Any CPU
		{BB655C09-CBB2-4D91-AA3D-857575A15277}.Debug|x86.Build.0 = Debug|Any CPU
		{BB655C09-CBB2-4D91-AA3D-857575A15277}.Release|Any CPU.ActiveCfg = Release|Any CPU
		{BB655C09-CBB2-4D91-AA3D-857575A15277}.Release|Any CPU.Build.0 = Release|Any CPU
		{BB655C09-CBB2-4D91-AA3D-857575A15277}.Release|x64.ActiveCfg = Release|Any CPU
		{BB655C09-CBB2-4D91-AA3D-857575A15277}.Release|x64.Build.0 = Release|Any CPU
		{BB655C09-CBB2-4D91-AA3D-857575A15277}.Release|x86.ActiveCfg = Release|Any CPU
		{BB655C09-CBB2-4D91-AA3D-857575A15277}.Release|x86.Build.0 = Release|Any CPU
		{248CC03F-880D-4B4A-AD1C-578927B1E5FC}.Debug|Any CPU.ActiveCfg = Debug|Any CPU
		{248CC03F-880D-4B4A-AD1C-578927B1E5FC}.Debug|Any CPU.Build.0 = Debug|Any CPU
		{248CC03F-880D-4B4A-AD1C-578927B1E5FC}.Debug|x64.ActiveCfg = Debug|Any CPU
		{248CC03F-880D-4B4A-AD1C-578927B1E5FC}.Debug|x64.Build.0 = Debug|Any CPU
		{248CC03F-880D-4B4A-AD1C-578927B1E5FC}.Debug|x86.ActiveCfg = Debug|Any CPU
		{248CC03F-880D-4B4A-AD1C-578927B1E5FC}.Debug|x86.Build.0 = Debug|Any CPU
		{248CC03F-880D-4B4A-AD1C-578927B1E5FC}.Release|Any CPU.ActiveCfg = Release|Any CPU
		{248CC03F-880D-4B4A-AD1C-578927B1E5FC}.Release|Any CPU.Build.0 = Release|Any CPU
		{248CC03F-880D-4B4A-AD1C-578927B1E5FC}.Release|x64.ActiveCfg = Release|Any CPU
		{248CC03F-880D-4B4A-AD1C-578927B1E5FC}.Release|x64.Build.0 = Release|Any CPU
		{248CC03F-880D-4B4A-AD1C-578927B1E5FC}.Release|x86.ActiveCfg = Release|Any CPU
		{248CC03F-880D-4B4A-AD1C-578927B1E5FC}.Release|x86.Build.0 = Release|Any CPU
		{50E78BB7-ADFA-4945-B62C-DB462F009C00}.Debug|Any CPU.ActiveCfg = Debug|Any CPU
		{50E78BB7-ADFA-4945-B62C-DB462F009C00}.Debug|Any CPU.Build.0 = Debug|Any CPU
		{50E78BB7-ADFA-4945-B62C-DB462F009C00}.Debug|x64.ActiveCfg = Debug|Any CPU
		{50E78BB7-ADFA-4945-B62C-DB462F009C00}.Debug|x64.Build.0 = Debug|Any CPU
		{50E78BB7-ADFA-4945-B62C-DB462F009C00}.Debug|x86.ActiveCfg = Debug|Any CPU
		{50E78BB7-ADFA-4945-B62C-DB462F009C00}.Debug|x86.Build.0 = Debug|Any CPU
		{50E78BB7-ADFA-4945-B62C-DB462F009C00}.Release|Any CPU.ActiveCfg = Release|Any CPU
		{50E78BB7-ADFA-4945-B62C-DB462F009C00}.Release|Any CPU.Build.0 = Release|Any CPU
		{50E78BB7-ADFA-4945-B62C-DB462F009C00}.Release|x64.ActiveCfg = Release|Any CPU
		{50E78BB7-ADFA-4945-B62C-DB462F009C00}.Release|x64.Build.0 = Release|Any CPU
		{50E78BB7-ADFA-4945-B62C-DB462F009C00}.Release|x86.ActiveCfg = Release|Any CPU
		{50E78BB7-ADFA-4945-B62C-DB462F009C00}.Release|x86.Build.0 = Release|Any CPU
		{1AEA1C26-E562-472C-9719-61B959E75040}.Debug|Any CPU.ActiveCfg = Debug|Any CPU
		{1AEA1C26-E562-472C-9719-61B959E75040}.Debug|Any CPU.Build.0 = Debug|Any CPU
		{1AEA1C26-E562-472C-9719-61B959E75040}.Debug|x64.ActiveCfg = Debug|Any CPU
		{1AEA1C26-E562-472C-9719-61B959E75040}.Debug|x64.Build.0 = Debug|Any CPU
		{1AEA1C26-E562-472C-9719-61B959E75040}.Debug|x86.ActiveCfg = Debug|Any CPU
		{1AEA1C26-E562-472C-9719-61B959E75040}.Debug|x86.Build.0 = Debug|Any CPU
		{1AEA1C26-E562-472C-9719-61B959E75040}.Release|Any CPU.ActiveCfg = Release|Any CPU
		{1AEA1C26-E562-472C-9719-61B959E75040}.Release|Any CPU.Build.0 = Release|Any CPU
		{1AEA1C26-E562-472C-9719-61B959E75040}.Release|x64.ActiveCfg = Release|Any CPU
		{1AEA1C26-E562-472C-9719-61B959E75040}.Release|x64.Build.0 = Release|Any CPU
		{1AEA1C26-E562-472C-9719-61B959E75040}.Release|x86.ActiveCfg = Release|Any CPU
		{1AEA1C26-E562-472C-9719-61B959E75040}.Release|x86.Build.0 = Release|Any CPU
	EndGlobalSection
EndGlobal
